
Microsoft Visual Studio Solution File, Format Version 12.00
# Visual Studio Version 16
VisualStudioVersion = 16.0.30717.126
MinimumVisualStudioVersion = 10.0.40219.1
Project("{8BC9CEB8-8B4A-11D0-8D11-00A0C91BC942}") = "TriviaProject_vs", "TriviaProject_vs\TriviaProject_vs.vcxproj", "{C58ED602-8762-41D1-B6A8-567E4DADD03A}"
EndProject
Global
	GlobalSection(SolutionConfigurationPlatforms) = preSolution
		Debug|x64 = Debug|x64
		Debug|x86 = Debug|x86
		Release|x64 = Release|x64
		Release|x86 = Release|x86
	EndGlobalSection
	GlobalSection(ProjectConfigurationPlatforms) = postSolution
		{C58ED602-8762-41D1-B6A8-567E4DADD03A}.Debug|x64.ActiveCfg = Debug|x64
		{C58ED602-8762-41D1-B6A8-567E4DADD03A}.Debug|x64.Build.0 = Debug|x64
		{C58ED602-8762-41D1-B6A8-567E4DADD03A}.Debug|x86.ActiveCfg = Debug|Win32
		{C58ED602-8762-41D1-B6A8-567E4DADD03A}.Debug|x86.Build.0 = Debug|Win32
		{C58ED602-8762-41D1-B6A8-567E4DADD03A}.Release|x64.ActiveCfg = Release|x64
		{C58ED602-8762-41D1-B6A8-567E4DADD03A}.Release|x64.Build.0 = Release|x64
		{C58ED602-8762-41D1-B6A8-567E4DADD03A}.Release|x86.ActiveCfg = Release|Win32
		{C58ED602-8762-41D1-B6A8-567E4DADD03A}.Release|x86.Build.0 = Release|Win32
	EndGlobalSection
	GlobalSection(SolutionProperties) = preSolution
		HideSolutionNode = FALSE
	EndGlobalSection
	GlobalSection(ExtensibilityGlobals) = postSolution
		SolutionGuid = {46C83628-24E4-40BF-A646-317193DCF0CA}
	EndGlobalSection
EndGlobal
